{
  "nodes": {
    "nixpkgs": {
      "locked": {
        "lastModified": 1788039129,
        "narHash": "sha256-q/WSLUzcry6IHERr2wZ/Si63RvoHyez7AZ6P+oLDJ5k=",
        "rev": "d2f67949798825fe853f7c5d0492b8bf016d3f88",
        "type": "tarball",
        "url": "https://releases.nixos.org/nixos/unstable/nixos-26.11pre1064150.d2f679497988/nixexprs.tar.xz?lastModified=1788039129&rev=d2f67949798825fe853f7c5d0492b8bf016d3f88"
      },
      "original": {
        "type": "tarball",
        "url": "https://channels.nixos.org/nixos-unstable/nixexprs.tar.xz"
      }
    },
    "root": {
      "inputs": {
        "nixpkgs": "nixpkgs",
        "rust-overlay": "rust-overlay"
      }
    },
    "rust-overlay": {
      "inputs": {
        "nixpkgs": [
          "nixpkgs"
        ]
      },
      "locked": {
        "lastModified": 1788165049,
        "narHash": "sha256-en4IoUeCqvq9F66YhwOrUFw1nc70OBhrJwrzfalezvY=",
        "owner": "oxalica",
        "repo": "rust-overlay",
        "rev": "d03cd474bd97389dcc2e8cd3b3bb6b8c6e346b1a",
        "type": "github"
      },
      "original": {
        "owner": "oxalica",
        "repo": "rust-overlay",
        "type": "github"
      }
    }
  },
  "root": "root",
  "version": 7
}
